// !$*UTF8*$!
{
	archiveVersion = 1;
	classes = {
	};
	objectVersion = 56;
	objects = {

/* Begin PBXBuildFile section */
		2B05FA362A1B81FA004191D2 /* AppDelegate.swift in Sources */ = {isa = PBXBuildFile; fileRef = 2B05FA352A1B81FA004191D2 /* AppDelegate.swift */; };
		2B05FA382A1B81FA004191D2 /* SceneDelegate.swift in Sources */ = {isa = PBXBuildFile; fileRef = 2B05FA372A1B81FA004191D2 /* SceneDelegate.swift */; };
		2B05FA3A2A1B81FA004191D2 /* ViewController.swift in Sources */ = {isa = PBXBuildFile; fileRef = 2B05FA392A1B81FA004191D2 /* ViewController.swift */; };
		2B05FA3D2A1B81FA004191D2 /* Main.storyboard in Resources */ = {isa = PBXBuildFile; fileRef = 2B05FA3B2A1B81FA004191D2 /* Main.storyboard */; };
		2B05FA3F2A1B81FB004191D2 /* Assets.xcassets in Resources */ = {isa = PBXBuildFile; fileRef = 2B05FA3E2A1B81FB004191D2 /* Assets.xcassets */; };
		2B05FA422A1B81FB004191D2 /* LaunchScreen.storyboard in Resources */ = {isa = PBXBuildFile; fileRef = 2B05FA402A1B81FB004191D2 /* LaunchScreen.storyboard */; };
		2B05FA4F2A1B8E01004191D2 /* MemoryViewController.swift in Sources */ = {isa = PBXBuildFile; fileRef = 2B05FA4E2A1B8E01004191D2 /* MemoryViewController.swift */; };
		2B05FA512A1B8E1B004191D2 /* RepeatingTaskViewController.swift in Sources */ = {isa = PBXBuildFile; fileRef = 2B05FA502A1B8E1B004191D2 /* RepeatingTaskViewController.swift */; };
		2B6198472A1CD0510087F7AA /* SettingsViewController.swift in Sources */ = {isa = PBXBuildFile; fileRef = 2B6198462A1CD0510087F7AA /* SettingsViewController.swift */; };
		2B61984E2A20C9660087F7AA /* AddAlarmViewController.swift in Sources */ = {isa = PBXBuildFile; fileRef = 2B61984D2A20C9660087F7AA /* AddAlarmViewController.swift */; };
/* End PBXBuildFile section */

/* Begin PBXFileReference section */
		2B05FA322A1B81FA004191D2 /* Alzheimer.app */ = {isa = PBXFileReference; explicitFileType = wrapper.application; includeInIndex = 0; path = Alzheimer.app; sourceTree = BUILT_PRODUCTS_DIR; };
		2B05FA352A1B81FA004191D2 /* AppDelegate.swift */ = {isa = PBXFileReference; lastKnownFileType = sourcecode.swift; path = AppDelegate.swift; sourceTree = "<group>"; };
		2B05FA372A1B81FA004191D2 /* SceneDelegate.swift */ = {isa = PBXFileReference; lastKnownFileType = sourcecode.swift; path = SceneDelegate.swift; sourceTree = "<group>"; };
		2B05FA392A1B81FA004191D2 /* ViewController.swift */ = {isa = PBXFileReference; lastKnownFileType = sourcecode.swift; path = ViewController.swift; sourceTree = "<group>"; };
		2B05FA3C2A1B81FA004191D2 /* Base */ = {isa = PBXFileReference; lastKnownFileType = file.storyboard; name = Base; path = Base.lproj/Main.storyboard; sourceTree = "<group>"; };
		2B05FA3E2A1B81FB004191D2 /* Assets.xcassets */ = {isa = PBXFileReference; lastKnownFileType = folder.assetcatalog; path = Assets.xcassets; sourceTree = "<group>"; };
		2B05FA412A1B81FB004191D2 /* Base */ = {isa = PBXFileReference; lastKnownFileType = file.storyboard; name = Base; path = Base.lproj/LaunchScreen.storyboard; sourceTree = "<group>"; };
		2B05FA432A1B81FB004191D2 /* Info.plist */ = {isa = PBXFileReference; lastKnownFileType = text.plist.xml; path = Info.plist; sourceTree = "<group>"; };
		2B05FA4E2A1B8E01004191D2 /* MemoryViewController.swift */ = {isa = PBXFileReference; lastKnownFileType = sourcecode.swift; path = MemoryViewController.swift; sourceTree = "<group>"; };
		2B05FA502A1B8E1B004191D2 /* RepeatingTaskViewController.swift */ = {isa = PBXFileReference; lastKnownFileType = sourcecode.swift; path = RepeatingTaskViewController.swift; sourceTree = "<group>"; };
		2B6198462A1CD0510087F7AA /* SettingsViewController.swift */ = {isa = PBXFileReference; lastKnownFileType = sourcecode.swift; path = SettingsViewController.swift; sourceTree = "<group>"; };
		2B61984D2A20C9660087F7AA /* AddAlarmViewController.swift */ = {isa = PBXFileReference; lastKnownFileType = sourcecode.swift; path = AddAlarmViewController.swift; sourceTree = "<group>"; };
		2BD2F9C72A2466FE00981E61 /* Alzheimer.entitlements */ = {isa = PBXFileReference; lastKnownFileType = text.plist.entitlements; path = Alzheimer.entitlements; sourceTree = "<group>"; };
/* End PBXFileReference section */

/* Begin PBXFrameworksBuildPhase section */
		2B05FA2F2A1B81FA004191D2 /* Frameworks */ = {
			isa = PBXFrameworksBuildPhase;
			buildActionMask = 2147483647;
			files = (
			);
			runOnlyForDeploymentPostprocessing = 0;
		};
/* End PBXFrameworksBuildPhase section */

/* Begin PBXGroup section */
		2B05FA292A1B81FA004191D2 = {
			isa = PBXGroup;
			children = (
				2B05FA342A1B81FA004191D2 /* Alzheimer */,
				2B05FA332A1B81FA004191D2 /* Products */,
			);
			sourceTree = "<group>";
		};
		2B05FA332A1B81FA004191D2 /* Products */ = {
			isa = PBXGroup;
			children = (
				2B05FA322A1B81FA004191D2 /* Alzheimer.app */,
			);
			name = Products;
			sourceTree = "<group>";
		};
		2B05FA342A1B81FA004191D2 /* Alzheimer */ = {
			isa = PBXGroup;
			children = (
				2BD2F9C72A2466FE00981E61 /* Alzheimer.entitlements */,
				2B05FA492A1B8D8C004191D2 /* Model */,
				2B05FA4B2A1B8DA6004191D2 /* Controller */,
				2B05FA4A2A1B8D97004191D2 /* View */,
				2B05FA352A1B81FA004191D2 /* AppDelegate.swift */,
				2B05FA372A1B81FA004191D2 /* SceneDelegate.swift */,
				2B05FA3E2A1B81FB004191D2 /* Assets.xcassets */,
				2B05FA402A1B81FB004191D2 /* LaunchScreen.storyboard */,
				2B05FA432A1B81FB004191D2 /* Info.plist */,
			);
			path = Alzheimer;
			sourceTree = "<group>";
		};
		2B05FA492A1B8D8C004191D2 /* Model */ = {
			isa = PBXGroup;
			children = (
			);
			path = Model;
			sourceTree = "<group>";
		};
		2B05FA4A2A1B8D97004191D2 /* View */ = {
			isa = PBXGroup;
			children = (
				2B05FA3B2A1B81FA004191D2 /* Main.storyboard */,
			);
			path = View;
			sourceTree = "<group>";
		};
		2B05FA4B2A1B8DA6004191D2 /* Controller */ = {
			isa = PBXGroup;
			children = (
				2B05FA392A1B81FA004191D2 /* ViewController.swift */,
				2B05FA4E2A1B8E01004191D2 /* MemoryViewController.swift */,
				2B05FA502A1B8E1B004191D2 /* RepeatingTaskViewController.swift */,
				2B6198462A1CD0510087F7AA /* SettingsViewController.swift */,
				2B61984D2A20C9660087F7AA /* AddAlarmViewController.swift */,
			);
			path = Controller;
			sourceTree = "<group>";
		};
/* End PBXGroup section */

/* Begin PBXNativeTarget section */
		2B05FA312A1B81FA004191D2 /* Alzheimer */ = {
			isa = PBXNativeTarget;
			buildConfigurationList = 2B05FA462A1B81FB004191D2 /* Build configuration list for PBXNativeTarget "Alzheimer" */;
			buildPhases = (
				2B05FA2E2A1B81FA004191D2 /* Sources */,
				2B05FA2F2A1B81FA004191D2 /* Frameworks */,
				2B05FA302A1B81FA004191D2 /* Resources */,
			);
			buildRules = (
			);
			dependencies = (
			);
			name = Alzheimer;
			productName = Alzheimer;
			productReference = 2B05FA322A1B81FA004191D2 /* Alzheimer.app */;
			productType = "com.apple.product-type.application";
		};
/* End PBXNativeTarget section */

/* Begin PBXProject section */
		2B05FA2A2A1B81FA004191D2 /* Project object */ = {
			isa = PBXProject;
			attributes = {
				BuildIndependentTargetsInParallel = 1;
				LastSwiftUpdateCheck = 1420;
				LastUpgradeCheck = 1420;
				TargetAttributes = {
					2B05FA312A1B81FA004191D2 = {
						CreatedOnToolsVersion = 14.2;
					};
				};
			};
			buildConfigurationList = 2B05FA2D2A1B81FA004191D2 /* Build configuration list for PBXProject "Alzheimer" */;
			compatibilityVersion = "Xcode 14.0";
			developmentRegion = en;
			hasScannedForEncodings = 0;
			knownRegions = (
				en,
				Base,
			);
			mainGroup = 2B05FA292A1B81FA004191D2;
			productRefGroup = 2B05FA332A1B81FA004191D2 /* Products */;
			projectDirPath = "";
			projectRoot = "";
			targets = (
				2B05FA312A1B81FA004191D2 /* Alzheimer */,
			);
		};
/* End PBXProject section */

/* Begin PBXResourcesBuildPhase section */
		2B05FA302A1B81FA004191D2 /* Resources */ = {
			isa = PBXResourcesBuildPhase;
			buildActionMask = 2147483647;
			files = (
				2B05FA422A1B81FB004191D2 /* LaunchScreen.storyboard in Resources */,
				2B05FA3F2A1B81FB004191D2 /* Assets.xcassets in Resources */,
				2B05FA3D2A1B81FA004191D2 /* Main.storyboard in Resources */,
			);
			runOnlyForDeploymentPostprocessing = 0;
		};
/* End PBXResourcesBuildPhase section */

/* Begin PBXSourcesBuildPhase section */
		2B05FA2E2A1B81FA004191D2 /* Sources */ = {
			isa = PBXSourcesBuildPhase;
			buildActionMask = 2147483647;
			files = (
				2B05FA3A2A1B81FA004191D2 /* ViewController.swift in Sources */,
				2B05FA362A1B81FA004191D2 /* AppDelegate.swift in Sources */,
				2B61984E2A20C9660087F7AA /* AddAlarmViewController.swift in Sources */,
				2B05FA382A1B81FA004191D2 /* SceneDelegate.swift in Sources */,
				2B05FA512A1B8E1B004191D2 /* RepeatingTaskViewController.swift in Sources */,
				2B05FA4F2A1B8E01004191D2 /* MemoryViewController.swift in Sources */,
				2B6198472A1CD0510087F7AA /* SettingsViewController.swift in Sources */,
			);
			runOnlyForDeploymentPostprocessing = 0;
		};
/* End PBXSourcesBuildPhase section */

/* Begin PBXVariantGroup section */
		2B05FA3B2A1B81FA004191D2 /* Main.storyboard */ = {
			isa = PBXVariantGroup;
			children = (
				2B05FA3C2A1B81FA004191D2 /* Base */,
			);
			name = Main.storyboard;
			sourceTree = "<group>";
		};
		2B05FA402A1B81FB004191D2 /* LaunchScreen.storyboard */ = {
			isa = PBXVariantGroup;
			children = (
				2B05FA412A1B81FB004191D2 /* Base */,
			);
			name = LaunchScreen.storyboard;
			sourceTree = "<group>";
		};
/* End PBXVariantGroup section */

/* Begin XCBuildConfiguration section */
		2B05FA442A1B81FB004191D2 /* Debug */ = {
			isa = XCBuildConfiguration;
			buildSettings = {
				ALWAYS_SEARCH_USER_PATHS = NO;
				CLANG_ANALYZER_NONNULL = YES;
				CLANG_ANALYZER_NUMBER_OBJECT_CONVERSION = YES_AGGRESSIVE;
				CLANG_CXX_LANGUAGE_STANDARD = "gnu++20";
				CLANG_ENABLE_MODULES = YES;
				CLANG_ENABLE_OBJC_ARC = YES;
				CLANG_ENABLE_OBJC_WEAK = YES;
				CLANG_WARN_BLOCK_CAPTURE_AUTORELEASING = YES;
				CLANG_WARN_BOOL_CONVERSION = YES;
				CLANG_WARN_COMMA = YES;
				CLANG_WARN_CONSTANT_CONVERSION = YES;
				CLANG_WARN_DEPRECATED_OBJC_IMPLEMENTATIONS = YES;
				CLANG_WARN_DIRECT_OBJC_ISA_USAGE = YES_ERROR;
				CLANG_WARN_DOCUMENTATION_COMMENTS = YES;
				CLANG_WARN_EMPTY_BODY = YES;
				CLANG_WARN_ENUM_CONVERSION = YES;
				CLANG_WARN_INFINITE_RECURSION = YES;
				CLANG_WARN_INT_CONVERSION = YES;
				CLANG_WARN_NON_LITERAL_NULL_CONVERSION = YES;
				CLANG_WARN_OBJC_IMPLICIT_RETAIN_SELF = YES;
				CLANG_WARN_OBJC_LITERAL_CONVERSION = YES;
				CLANG_WARN_OBJC_ROOT_CLASS = YES_ERROR;
				CLANG_WARN_QUOTED_INCLUDE_IN_FRAMEWORK_HEADER = YES;
				CLANG_WARN_RANGE_LOOP_ANALYSIS = YES;
				CLANG_WARN_STRICT_PROTOTYPES = YES;
				CLANG_WARN_SUSPICIOUS_MOVE = YES;
				CLANG_WARN_UNGUARDED_AVAILABILITY = YES_AGGRESSIVE;
				CLANG_WARN_UNREACHABLE_CODE = YES;
				CLANG_WARN__DUPLICATE_METHOD_MATCH = YES;
				COPY_PHASE_STRIP = NO;
				DEBUG_INFORMATION_FORMAT = dwarf;
				ENABLE_STRICT_OBJC_MSGSEND = YES;
				ENABLE_TESTABILITY = YES;
				GCC_C_LANGUAGE_STANDARD = gnu11;
				GCC_DYNAMIC_NO_PIC = NO;
				GCC_NO_COMMON_BLOCKS = YES;
				GCC_OPTIMIZATION_LEVEL = 0;
				GCC_PREPROCESSOR_DEFINITIONS = (
					"DEBUG=1",
					"$(inherited)",
				);
				GCC_WARN_64_TO_32_BIT_CONVERSION = YES;
				GCC_WARN_ABOUT_RETURN_TYPE = YES_ERROR;
				GCC_WARN_UNDECLARED_SELECTOR = YES;
				GCC_WARN_UNINITIALIZED_AUTOS = YES_AGGRESSIVE;
				GCC_WARN_UNUSED_FUNCTION = YES;
				GCC_WARN_UNUSED_VARIABLE = YES;
				IPHONEOS_DEPLOYMENT_TARGET = 16.2;
				MTL_ENABLE_DEBUG_INFO = INCLUDE_SOURCE;
				MTL_FAST_MATH = YES;
				ONLY_ACTIVE_ARCH = YES;
				SDKROOT = iphoneos;
				SWIFT_ACTIVE_COMPILATION_CONDITIONS = DEBUG;
				SWIFT_OPTIMIZATION_LEVEL = "-Onone";
			};
			name = Debug;
		};
		2B05FA452A1B81FB004191D2 /* Release */ = {
			isa = XCBuildConfiguration;
			buildSettings = {
				ALWAYS_SEARCH_USER_PATHS = NO;
				CLANG_ANALYZER_NONNULL = YES;
				CLANG_ANALYZER_NUMBER_OBJECT_CONVERSION = YES_AGGRESSIVE;
				CLANG_CXX_LANGUAGE_STANDARD = "gnu++20";
				CLANG_ENABLE_MODULES = YES;
				CLANG_ENABLE_OBJC_ARC = YES;
				CLANG_ENABLE_OBJC_WEAK = YES;
				CLANG_WARN_BLOCK_CAPTURE_AUTORELEASING = YES;
				CLANG_WARN_BOOL_CONVERSION = YES;
				CLANG_WARN_COMMA = YES;
				CLANG_WARN_CONSTANT_CONVERSION = YES;
				CLANG_WARN_DEPRECATED_OBJC_IMPLEMENTATIONS = YES;
				CLANG_WARN_DIRECT_OBJC_ISA_USAGE = YES_ERROR;
				CLANG_WARN_DOCUMENTATION_COMMENTS = YES;
				CLANG_WARN_EMPTY_BODY = YES;
				CLANG_WARN_ENUM_CONVERSION = YES;
				CLANG_WARN_INFINITE_RECURSION = YES;
				CLANG_WARN_INT_CONVERSION = YES;
				CLANG_WARN_NON_LITERAL_NULL_CONVERSION = YES;
				CLANG_WARN_OBJC_IMPLICIT_RETAIN_SELF = YES;
				CLANG_WARN_OBJC_LITERAL_CONVERSION = YES;
				CLANG_WARN_OBJC_ROOT_CLASS = YES_ERROR;
				CLANG_WARN_QUOTED_INCLUDE_IN_FRAMEWORK_HEADER = YES;
				CLANG_WARN_RANGE_LOOP_ANALYSIS = YES;
				CLANG_WARN_STRICT_PROTOTYPES = YES;
				CLANG_WARN_SUSPICIOUS_MOVE = YES;
				CLANG_WARN_UNGUARDED_AVAILABILITY = YES_AGGRESSIVE;
				CLANG_WARN_UNREACHABLE_CODE = YES;
				CLANG_WARN__DUPLICATE_METHOD_MATCH = YES;
				COPY_PHASE_STRIP = NO;
				DEBUG_INFORMATION_FORMAT = "dwarf-with-dsym";
				ENABLE_NS_ASSERTIONS = NO;
				ENABLE_STRICT_OBJC_MSGSEND = YES;
				GCC_C_LANGUAGE_STANDARD = gnu11;
				GCC_NO_COMMON_BLOCKS = YES;
				GCC_WARN_64_TO_32_BIT_CONVERSION = YES;
				GCC_WARN_ABOUT_RETURN_TYPE = YES_ERROR;
				GCC_WARN_UNDECLARED_SELECTOR = YES;
				GCC_WARN_UNINITIALIZED_AUTOS = YES_AGGRESSIVE;
				GCC_WARN_UNUSED_FUNCTION = YES;
				GCC_WARN_UNUSED_VARIABLE = YES;
				IPHONEOS_DEPLOYMENT_TARGET = 16.2;
				MTL_ENABLE_DEBUG_INFO = NO;
				MTL_FAST_MATH = YES;
				SDKROOT = iphoneos;
				SWIFT_COMPILATION_MODE = wholemodule;
				SWIFT_OPTIMIZATION_LEVEL = "-O";
				VALIDATE_PRODUCT = YES;
			};
			name = Release;
		};
		2B05FA472A1B81FB004191D2 /* Debug */ = {
			isa = XCBuildConfiguration;
			buildSettings = {
				ASSETCATALOG_COMPILER_APPICON_NAME = AppIcon;
				ASSETCATALOG_COMPILER_GLOBAL_ACCENT_COLOR_NAME = AccentColor;
				CODE_SIGN_ENTITLEMENTS = Alzheimer/Alzheimer.entitlements;
				CODE_SIGN_STYLE = Automatic;
				CURRENT_PROJECT_VERSION = 1;
				DEVELOPMENT_TEAM = J5ZHQD5WJP;
				GENERATE_INFOPLIST_FILE = YES;
				INFOPLIST_FILE = Alzheimer/Info.plist;
				INFOPLIST_KEY_UIApplicationSupportsIndirectInputEvents = YES;
				INFOPLIST_KEY_UILaunchStoryboardName = LaunchScreen;
				INFOPLIST_KEY_UIMainStoryboardFile = Main;
				INFOPLIST_KEY_UISupportedInterfaceOrientations_iPad = "UIInterfaceOrientationPortrait UIInterfaceOrientationPortraitUpsideDown UIInterfaceOrientationLandscapeLeft UIInterfaceOrientationLandscapeRight";
				INFOPLIST_KEY_UISupportedInterfaceOrientations_iPhone = "UIInterfaceOrientationPortrait UIInterfaceOrientationLandscapeLeft UIInterfaceOrientationLandscapeRight";
				IPHONEOS_DEPLOYMENT_TARGET = 13.5;
				LD_RUNPATH_SEARCH_PATHS = (
					"$(inherited)",
					"@executable_path/Frameworks",
				);
				MARKETING_VERSION = 1.0;
				PRODUCT_BUNDLE_IDENTIFIER = a.Alzheimer;
				PRODUCT_NAME = "$(TARGET_NAME)";
				SWIFT_EMIT_LOC_STRINGS = YES;
				SWIFT_VERSION = 5.0;
				TARGETED_DEVICE_FAMILY = "1,2";
			};
			name = Debug;
		};
		2B05FA482A1B81FB004191D2 /* Release */ = {
			isa = XCBuildConfiguration;
			buildSettings = {
				ASSETCATALOG_COMPILER_APPICON_NAME = AppIcon;
				ASSETCATALOG_COMPILER_GLOBAL_ACCENT_COLOR_NAME = AccentColor;
				CODE_SIGN_ENTITLEMENTS = Alzheimer/Alzheimer.entitlements;
				CODE_SIGN_STYLE = Automatic;
				CURRENT_PROJECT_VERSION = 1;
				DEVELOPMENT_TEAM = J5ZHQD5WJP;
				GENERATE_INFOPLIST_FILE = YES;
				INFOPLIST_FILE = Alzheimer/Info.plist;
				INFOPLIST_KEY_UIApplicationSupportsIndirectInputEvents = YES;
				INFOPLIST_KEY_UILaunchStoryboardName = LaunchScreen;
				INFOPLIST_KEY_UIMainStoryboardFile = Main;
				INFOPLIST_KEY_UISupportedInterfaceOrientations_iPad = "UIInterfaceOrientationPortrait UIInterfaceOrientationPortraitUpsideDown UIInterfaceOrientationLandscapeLeft UIInterfaceOrientationLandscapeRight";
				INFOPLIST_KEY_UISupportedInterfaceOrientations_iPhone = "UIInterfaceOrientationPortrait UIInterfaceOrientationLandscapeLeft UIInterfaceOrientationLandscapeRight";
				IPHONEOS_DEPLOYMENT_TARGET = 13.5;
				LD_RUNPATH_SEARCH_PATHS = (
					"$(inherited)",
					"@executable_path/Frameworks",
				);
				MARKETING_VERSION = 1.0;
				PRODUCT_BUNDLE_IDENTIFIER = a.Alzheimer;
				PRODUCT_NAME = "$(TARGET_NAME)";
				SWIFT_EMIT_LOC_STRINGS = YES;
				SWIFT_VERSION = 5.0;
				TARGETED_DEVICE_FAMILY = "1,2";
			};
			name = Release;
		};
/* End XCBuildConfiguration section */

/* Begin XCConfigurationList section */
		2B05FA2D2A1B81FA004191D2 /* Build configuration list for PBXProject "Alzheimer" */ = {
			isa = XCConfigurationList;
			buildConfigurations = (
				2B05FA442A1B81FB004191D2 /* Debug */,
				2B05FA452A1B81FB004191D2 /* Release */,
			);
			defaultConfigurationIsVisible = 0;
			defaultConfigurationName = Release;
		};
		2B05FA462A1B81FB004191D2 /* Build configuration list for PBXNativeTarget "Alzheimer" */ = {
			isa = XCConfigurationList;
			buildConfigurations = (
				2B05FA472A1B81FB004191D2 /* Debug */,
				2B05FA482A1B81FB004191D2 /* Release */,
			);
			defaultConfigurationIsVisible = 0;
			defaultConfigurationName = Release;
		};
/* End XCConfigurationList section */
	};
	rootObject = 2B05FA2A2A1B81FA004191D2 /* Project object */;
}
